// !$*UTF8*$!
{
	archiveVersion = 1;
	classes = {
	};
	objectVersion = 56;
	objects = {

/* Begin PBXBuildFile section */
		045C7E2C2BD6592F003BB4C6 /* FeedViewModel.swift in Sources */ = {isa = PBXBuildFile; fileRef = 045C7E2B2BD6592F003BB4C6 /* FeedViewModel.swift */; };
		045C7E312BD65A71003BB4C6 /* FeedModel.swift in Sources */ = {isa = PBXBuildFile; fileRef = 045C7E302BD65A71003BB4C6 /* FeedModel.swift */; };
		045C7E352BD65B27003BB4C6 /* FeedCoordinator.swift in Sources */ = {isa = PBXBuildFile; fileRef = 045C7E342BD65B27003BB4C6 /* FeedCoordinator.swift */; };
		045C7E422BD68B8B003BB4C6 /* FeedView.swift in Sources */ = {isa = PBXBuildFile; fileRef = 045C7E402BD68B8B003BB4C6 /* FeedView.swift */; };
		045C7E432BD68B8B003BB4C6 /* FeedView.xib in Resources */ = {isa = PBXBuildFile; fileRef = 045C7E412BD68B8B003BB4C6 /* FeedView.xib */; };
		045C7E482BD6BEEE003BB4C6 /* PhotoCollectionCell.swift in Sources */ = {isa = PBXBuildFile; fileRef = 045C7E462BD6BEEE003BB4C6 /* PhotoCollectionCell.swift */; };
		045C7E492BD6BEEE003BB4C6 /* PhotoCollectionCell.xib in Resources */ = {isa = PBXBuildFile; fileRef = 045C7E472BD6BEEE003BB4C6 /* PhotoCollectionCell.xib */; };
		045C7E502BD6DB6A003BB4C6 /* PreviewCoordinator.swift in Sources */ = {isa = PBXBuildFile; fileRef = 045C7E4F2BD6DB6A003BB4C6 /* PreviewCoordinator.swift */; };
		045C7E522BD6DC5E003BB4C6 /* PreviewViewModel.swift in Sources */ = {isa = PBXBuildFile; fileRef = 045C7E512BD6DC5E003BB4C6 /* PreviewViewModel.swift */; };
		045C7E542BD6DD2D003BB4C6 /* PreviewModel.swift in Sources */ = {isa = PBXBuildFile; fileRef = 045C7E532BD6DD2D003BB4C6 /* PreviewModel.swift */; };
		045C7E5B2BD6F0C3003BB4C6 /* PreviewView.swift in Sources */ = {isa = PBXBuildFile; fileRef = 045C7E592BD6F0C3003BB4C6 /* PreviewView.swift */; };
		045C7E5C2BD6F0C3003BB4C6 /* PreviewView.xib in Resources */ = {isa = PBXBuildFile; fileRef = 045C7E5A2BD6F0C3003BB4C6 /* PreviewView.xib */; };
		048411D52BD202DC0063393E /* AppDelegate.swift in Sources */ = {isa = PBXBuildFile; fileRef = 048411D42BD202DC0063393E /* AppDelegate.swift */; };
		048411D72BD202DC0063393E /* SceneDelegate.swift in Sources */ = {isa = PBXBuildFile; fileRef = 048411D62BD202DC0063393E /* SceneDelegate.swift */; };
		048411DE2BD202DE0063393E /* Assets.xcassets in Resources */ = {isa = PBXBuildFile; fileRef = 048411DD2BD202DE0063393E /* Assets.xcassets */; };
		048412622BD385000063393E /* SearchResponse.swift in Sources */ = {isa = PBXBuildFile; fileRef = 048412612BD385000063393E /* SearchResponse.swift */; };
		048412642BD385140063393E /* Photo.swift in Sources */ = {isa = PBXBuildFile; fileRef = 048412632BD385140063393E /* Photo.swift */; };
		048412682BD385420063393E /* PhotoSource.swift in Sources */ = {isa = PBXBuildFile; fileRef = 048412672BD385420063393E /* PhotoSource.swift */; };
		0484126A2BD385650063393E /* CuratedPhotosResponse.swift in Sources */ = {isa = PBXBuildFile; fileRef = 048412692BD385650063393E /* CuratedPhotosResponse.swift */; };
		0484127E2BD3B94B0063393E /* NetworkManager.swift in Sources */ = {isa = PBXBuildFile; fileRef = 0484127D2BD3B94B0063393E /* NetworkManager.swift */; };
		048412932BD3C6810063393E /* Combine.framework in Frameworks */ = {isa = PBXBuildFile; fileRef = 048412842BD3BF4F0063393E /* Combine.framework */; };
		0484129A2BD4B33B0063393E /* Alamofire in Frameworks */ = {isa = PBXBuildFile; productRef = 048412992BD4B33B0063393E /* Alamofire */; };
		0484129C2BD4B3470063393E /* Kingfisher in Frameworks */ = {isa = PBXBuildFile; productRef = 0484129B2BD4B3470063393E /* Kingfisher */; };
/* End PBXBuildFile section */

/* Begin PBXFileReference section */
		045C7E2B2BD6592F003BB4C6 /* FeedViewModel.swift */ = {isa = PBXFileReference; lastKnownFileType = sourcecode.swift; path = FeedViewModel.swift; sourceTree = "<group>"; };
		045C7E302BD65A71003BB4C6 /* FeedModel.swift */ = {isa = PBXFileReference; lastKnownFileType = sourcecode.swift; path = FeedModel.swift; sourceTree = "<group>"; };
		045C7E342BD65B27003BB4C6 /* FeedCoordinator.swift */ = {isa = PBXFileReference; lastKnownFileType = sourcecode.swift; path = FeedCoordinator.swift; sourceTree = "<group>"; };
		045C7E402BD68B8B003BB4C6 /* FeedView.swift */ = {isa = PBXFileReference; lastKnownFileType = sourcecode.swift; path = FeedView.swift; sourceTree = "<group>"; };
		045C7E412BD68B8B003BB4C6 /* FeedView.xib */ = {isa = PBXFileReference; lastKnownFileType = file.xib; path = FeedView.xib; sourceTree = "<group>"; };
		045C7E462BD6BEEE003BB4C6 /* PhotoCollectionCell.swift */ = {isa = PBXFileReference; lastKnownFileType = sourcecode.swift; path = PhotoCollectionCell.swift; sourceTree = "<group>"; };
		045C7E472BD6BEEE003BB4C6 /* PhotoCollectionCell.xib */ = {isa = PBXFileReference; lastKnownFileType = file.xib; path = PhotoCollectionCell.xib; sourceTree = "<group>"; };
		045C7E4F2BD6DB6A003BB4C6 /* PreviewCoordinator.swift */ = {isa = PBXFileReference; lastKnownFileType = sourcecode.swift; path = PreviewCoordinator.swift; sourceTree = "<group>"; };
		045C7E512BD6DC5E003BB4C6 /* PreviewViewModel.swift */ = {isa = PBXFileReference; lastKnownFileType = sourcecode.swift; path = PreviewViewModel.swift; sourceTree = "<group>"; };
		045C7E532BD6DD2D003BB4C6 /* PreviewModel.swift */ = {isa = PBXFileReference; lastKnownFileType = sourcecode.swift; path = PreviewModel.swift; sourceTree = "<group>"; };
		045C7E592BD6F0C3003BB4C6 /* PreviewView.swift */ = {isa = PBXFileReference; lastKnownFileType = sourcecode.swift; path = PreviewView.swift; sourceTree = "<group>"; };
		045C7E5A2BD6F0C3003BB4C6 /* PreviewView.xib */ = {isa = PBXFileReference; lastKnownFileType = file.xib; path = PreviewView.xib; sourceTree = "<group>"; };
		048411D12BD202DC0063393E /* Gallery.app */ = {isa = PBXFileReference; explicitFileType = wrapper.application; includeInIndex = 0; path = Gallery.app; sourceTree = BUILT_PRODUCTS_DIR; };
		048411D42BD202DC0063393E /* AppDelegate.swift */ = {isa = PBXFileReference; lastKnownFileType = sourcecode.swift; path = AppDelegate.swift; sourceTree = "<group>"; };
		048411D62BD202DC0063393E /* SceneDelegate.swift */ = {isa = PBXFileReference; lastKnownFileType = sourcecode.swift; path = SceneDelegate.swift; sourceTree = "<group>"; };
		048411DD2BD202DE0063393E /* Assets.xcassets */ = {isa = PBXFileReference; lastKnownFileType = folder.assetcatalog; path = Assets.xcassets; sourceTree = "<group>"; };
		048411E22BD202DE0063393E /* Info.plist */ = {isa = PBXFileReference; lastKnownFileType = text.plist.xml; path = Info.plist; sourceTree = "<group>"; };
		048412612BD385000063393E /* SearchResponse.swift */ = {isa = PBXFileReference; lastKnownFileType = sourcecode.swift; path = SearchResponse.swift; sourceTree = "<group>"; };
		048412632BD385140063393E /* Photo.swift */ = {isa = PBXFileReference; lastKnownFileType = sourcecode.swift; path = Photo.swift; sourceTree = "<group>"; };
		048412672BD385420063393E /* PhotoSource.swift */ = {isa = PBXFileReference; lastKnownFileType = sourcecode.swift; path = PhotoSource.swift; sourceTree = "<group>"; };
		048412692BD385650063393E /* CuratedPhotosResponse.swift */ = {isa = PBXFileReference; lastKnownFileType = sourcecode.swift; path = CuratedPhotosResponse.swift; sourceTree = "<group>"; };
		0484127D2BD3B94B0063393E /* NetworkManager.swift */ = {isa = PBXFileReference; lastKnownFileType = sourcecode.swift; path = NetworkManager.swift; sourceTree = "<group>"; };
		048412842BD3BF4F0063393E /* Combine.framework */ = {isa = PBXFileReference; lastKnownFileType = wrapper.framework; name = Combine.framework; path = System/Library/Frameworks/Combine.framework; sourceTree = SDKROOT; };
/* End PBXFileReference section */

/* Begin PBXFrameworksBuildPhase section */
		048411CE2BD202DC0063393E /* Frameworks */ = {
			isa = PBXFrameworksBuildPhase;
			buildActionMask = 2147483647;
			files = (
				0484129C2BD4B3470063393E /* Kingfisher in Frameworks */,
				048412932BD3C6810063393E /* Combine.framework in Frameworks */,
				0484129A2BD4B33B0063393E /* Alamofire in Frameworks */,
			);
			runOnlyForDeploymentPostprocessing = 0;
		};
/* End PBXFrameworksBuildPhase section */

/* Begin PBXGroup section */
		045C7E252BD6557C003BB4C6 /* Modules */ = {
			isa = PBXGroup;
			children = (
				045C7E2A2BD6591E003BB4C6 /* Preview */,
				045C7E262BD65597003BB4C6 /* Feed */,
			);
			path = Modules;
			sourceTree = "<group>";
		};
		045C7E262BD65597003BB4C6 /* Feed */ = {
			isa = PBXGroup;
			children = (
				045C7E342BD65B27003BB4C6 /* FeedCoordinator.swift */,
				045C7E362BD65B36003BB4C6 /* Module */,
			);
			path = Feed;
			sourceTree = "<group>";
		};
		045C7E2A2BD6591E003BB4C6 /* Preview */ = {
			isa = PBXGroup;
			children = (
				045C7E4F2BD6DB6A003BB4C6 /* PreviewCoordinator.swift */,
				045C7E4A2BD6D8D2003BB4C6 /* Module */,
			);
			path = Preview;
			sourceTree = "<group>";
		};
		045C7E362BD65B36003BB4C6 /* Module */ = {
			isa = PBXGroup;
			children = (
				045C7E372BD67685003BB4C6 /* CollectionCell */,
				045C7E302BD65A71003BB4C6 /* FeedModel.swift */,
				045C7E2B2BD6592F003BB4C6 /* FeedViewModel.swift */,
				045C7E412BD68B8B003BB4C6 /* FeedView.xib */,
				045C7E402BD68B8B003BB4C6 /* FeedView.swift */,
			);
			path = Module;
			sourceTree = "<group>";
		};
		045C7E372BD67685003BB4C6 /* CollectionCell */ = {
			isa = PBXGroup;
			children = (
				045C7E462BD6BEEE003BB4C6 /* PhotoCollectionCell.swift */,
				045C7E472BD6BEEE003BB4C6 /* PhotoCollectionCell.xib */,
			);
			path = CollectionCell;
			sourceTree = "<group>";
		};
		045C7E4A2BD6D8D2003BB4C6 /* Module */ = {
			isa = PBXGroup;
			children = (
				045C7E532BD6DD2D003BB4C6 /* PreviewModel.swift */,
				045C7E512BD6DC5E003BB4C6 /* PreviewViewModel.swift */,
				045C7E592BD6F0C3003BB4C6 /* PreviewView.swift */,
				045C7E5A2BD6F0C3003BB4C6 /* PreviewView.xib */,
			);
			path = Module;
			sourceTree = "<group>";
		};
		048411C82BD202DC0063393E = {
			isa = PBXGroup;
			children = (
				048411D32BD202DC0063393E /* Gallery */,
				048411D22BD202DC0063393E /* Products */,
				048412832BD3BF4F0063393E /* Frameworks */,
			);
			sourceTree = "<group>";
		};
		048411D22BD202DC0063393E /* Products */ = {
			isa = PBXGroup;
			children = (
				048411D12BD202DC0063393E /* Gallery.app */,
			);
			name = Products;
			sourceTree = "<group>";
		};
		048411D32BD202DC0063393E /* Gallery */ = {
			isa = PBXGroup;
			children = (
				0484124D2BD3768C0063393E /* App */,
				045C7E252BD6557C003BB4C6 /* Modules */,
				048412532BD377110063393E /* Network */,
				048412522BD376EE0063393E /* Resources */,
				048411E22BD202DE0063393E /* Info.plist */,
			);
			path = Gallery;
			sourceTree = "<group>";
		};
		0484124D2BD3768C0063393E /* App */ = {
			isa = PBXGroup;
			children = (
				048411D42BD202DC0063393E /* AppDelegate.swift */,
				048411D62BD202DC0063393E /* SceneDelegate.swift */,
			);
			path = App;
			sourceTree = "<group>";
		};
		048412512BD376E00063393E /* Model */ = {
			isa = PBXGroup;
			children = (
				048412692BD385650063393E /* CuratedPhotosResponse.swift */,
				048412612BD385000063393E /* SearchResponse.swift */,
				048412632BD385140063393E /* Photo.swift */,
				048412672BD385420063393E /* PhotoSource.swift */,
			);
			path = Model;
			sourceTree = "<group>";
		};
		048412522BD376EE0063393E /* Resources */ = {
			isa = PBXGroup;
			children = (
				048411DD2BD202DE0063393E /* Assets.xcassets */,
			);
			path = Resources;
			sourceTree = "<group>";
		};
		048412532BD377110063393E /* Network */ = {
			isa = PBXGroup;
			children = (
				048412512BD376E00063393E /* Model */,
				0484127D2BD3B94B0063393E /* NetworkManager.swift */,
			);
			path = Network;
			sourceTree = "<group>";
		};
		048412832BD3BF4F0063393E /* Frameworks */ = {
			isa = PBXGroup;
			children = (
				048412842BD3BF4F0063393E /* Combine.framework */,
			);
			name = Frameworks;
			sourceTree = "<group>";
		};
/* End PBXGroup section */

/* Begin PBXNativeTarget section */
		048411D02BD202DC0063393E /* Gallery */ = {
			isa = PBXNativeTarget;
			buildConfigurationList = 048411E52BD202DE0063393E /* Build configuration list for PBXNativeTarget "Gallery" */;
			buildPhases = (
				048411CD2BD202DC0063393E /* Sources */,
				048411CE2BD202DC0063393E /* Frameworks */,
				048411CF2BD202DC0063393E /* Resources */,
			);
			buildRules = (
			);
			dependencies = (
			);
			name = Gallery;
			packageProductDependencies = (
				048412992BD4B33B0063393E /* Alamofire */,
				0484129B2BD4B3470063393E /* Kingfisher */,
			);
			productName = Gallery;
			productReference = 048411D12BD202DC0063393E /* Gallery.app */;
			productType = "com.apple.product-type.application";
		};
/* End PBXNativeTarget section */

/* Begin PBXProject section */
		048411C92BD202DC0063393E /* Project object */ = {
			isa = PBXProject;
			attributes = {
				BuildIndependentTargetsInParallel = 1;
				LastSwiftUpdateCheck = 1530;
				LastUpgradeCheck = 1530;
				TargetAttributes = {
					048411D02BD202DC0063393E = {
						CreatedOnToolsVersion = 15.3;
					};
				};
			};
			buildConfigurationList = 048411CC2BD202DC0063393E /* Build configuration list for PBXProject "Gallery" */;
			compatibilityVersion = "Xcode 14.0";
			developmentRegion = en;
			hasScannedForEncodings = 0;
			knownRegions = (
				en,
				Base,
			);
			mainGroup = 048411C82BD202DC0063393E;
			packageReferences = (
				048412592BD384C30063393E /* XCRemoteSwiftPackageReference "Kingfisher" */,
				0484125C2BD384CE0063393E /* XCRemoteSwiftPackageReference "Alamofire" */,
			);
			productRefGroup = 048411D22BD202DC0063393E /* Products */;
			projectDirPath = "";
			projectRoot = "";
			targets = (
				048411D02BD202DC0063393E /* Gallery */,
			);
		};
/* End PBXProject section */

/* Begin PBXResourcesBuildPhase section */
		048411CF2BD202DC0063393E /* Resources */ = {
			isa = PBXResourcesBuildPhase;
			buildActionMask = 2147483647;
			files = (
				045C7E492BD6BEEE003BB4C6 /* PhotoCollectionCell.xib in Resources */,
				045C7E5C2BD6F0C3003BB4C6 /* PreviewView.xib in Resources */,
				048411DE2BD202DE0063393E /* Assets.xcassets in Resources */,
				045C7E432BD68B8B003BB4C6 /* FeedView.xib in Resources */,
			);
			runOnlyForDeploymentPostprocessing = 0;
		};
/* End PBXResourcesBuildPhase section */

/* Begin PBXSourcesBuildPhase section */
		048411CD2BD202DC0063393E /* Sources */ = {
			isa = PBXSourcesBuildPhase;
			buildActionMask = 2147483647;
			files = (
				048412642BD385140063393E /* Photo.swift in Sources */,
				0484126A2BD385650063393E /* CuratedPhotosResponse.swift in Sources */,
				0484127E2BD3B94B0063393E /* NetworkManager.swift in Sources */,
				048412622BD385000063393E /* SearchResponse.swift in Sources */,
				048411D52BD202DC0063393E /* AppDelegate.swift in Sources */,
				048411D72BD202DC0063393E /* SceneDelegate.swift in Sources */,
				045C7E352BD65B27003BB4C6 /* FeedCoordinator.swift in Sources */,
				045C7E502BD6DB6A003BB4C6 /* PreviewCoordinator.swift in Sources */,
				045C7E482BD6BEEE003BB4C6 /* PhotoCollectionCell.swift in Sources */,
				045C7E5B2BD6F0C3003BB4C6 /* PreviewView.swift in Sources */,
				048412682BD385420063393E /* PhotoSource.swift in Sources */,
				045C7E422BD68B8B003BB4C6 /* FeedView.swift in Sources */,
				045C7E2C2BD6592F003BB4C6 /* FeedViewModel.swift in Sources */,
				045C7E542BD6DD2D003BB4C6 /* PreviewModel.swift in Sources */,
				045C7E312BD65A71003BB4C6 /* FeedModel.swift in Sources */,
				045C7E522BD6DC5E003BB4C6 /* PreviewViewModel.swift in Sources */,
			);
			runOnlyForDeploymentPostprocessing = 0;
		};
/* End PBXSourcesBuildPhase section */

/* Begin XCBuildConfiguration section */
		048411E32BD202DE0063393E /* Debug */ = {
			isa = XCBuildConfiguration;
			buildSettings = {
				ALWAYS_SEARCH_USER_PATHS = NO;
				ASSETCATALOG_COMPILER_GENERATE_SWIFT_ASSET_SYMBOL_EXTENSIONS = YES;
				CLANG_ANALYZER_NONNULL = YES;
				CLANG_ANALYZER_NUMBER_OBJECT_CONVERSION = YES_AGGRESSIVE;
				CLANG_CXX_LANGUAGE_STANDARD = "gnu++20";
				CLANG_ENABLE_MODULES = YES;
				CLANG_ENABLE_OBJC_ARC = YES;
				CLANG_ENABLE_OBJC_WEAK = YES;
				CLANG_WARN_BLOCK_CAPTURE_AUTORELEASING = YES;
				CLANG_WARN_BOOL_CONVERSION = YES;
				CLANG_WARN_COMMA = YES;
				CLANG_WARN_CONSTANT_CONVERSION = YES;
				CLANG_WARN_DEPRECATED_OBJC_IMPLEMENTATIONS = YES;
				CLANG_WARN_DIRECT_OBJC_ISA_USAGE = YES_ERROR;
				CLANG_WARN_DOCUMENTATION_COMMENTS = YES;
				CLANG_WARN_EMPTY_BODY = YES;
				CLANG_WARN_ENUM_CONVERSION = YES;
				CLANG_WARN_INFINITE_RECURSION = YES;
				CLANG_WARN_INT_CONVERSION = YES;
				CLANG_WARN_NON_LITERAL_NULL_CONVERSION = YES;
				CLANG_WARN_OBJC_IMPLICIT_RETAIN_SELF = YES;
				CLANG_WARN_OBJC_LITERAL_CONVERSION = YES;
				CLANG_WARN_OBJC_ROOT_CLASS = YES_ERROR;
				CLANG_WARN_QUOTED_INCLUDE_IN_FRAMEWORK_HEADER = YES;
				CLANG_WARN_RANGE_LOOP_ANALYSIS = YES;
				CLANG_WARN_STRICT_PROTOTYPES = YES;
				CLANG_WARN_SUSPICIOUS_MOVE = YES;
				CLANG_WARN_UNGUARDED_AVAILABILITY = YES_AGGRESSIVE;
				CLANG_WARN_UNREACHABLE_CODE = YES;
				CLANG_WARN__DUPLICATE_METHOD_MATCH = YES;
				COPY_PHASE_STRIP = NO;
				DEBUG_INFORMATION_FORMAT = dwarf;
				ENABLE_STRICT_OBJC_MSGSEND = YES;
				ENABLE_TESTABILITY = YES;
				ENABLE_USER_SCRIPT_SANDBOXING = YES;
				GCC_C_LANGUAGE_STANDARD = gnu17;
				GCC_DYNAMIC_NO_PIC = NO;
				GCC_NO_COMMON_BLOCKS = YES;
				GCC_OPTIMIZATION_LEVEL = 0;
				GCC_PREPROCESSOR_DEFINITIONS = (
					"DEBUG=1",
					"$(inherited)",
				);
				GCC_WARN_64_TO_32_BIT_CONVERSION = YES;
				GCC_WARN_ABOUT_RETURN_TYPE = YES_ERROR;
				GCC_WARN_UNDECLARED_SELECTOR = YES;
				GCC_WARN_UNINITIALIZED_AUTOS = YES_AGGRESSIVE;
				GCC_WARN_UNUSED_FUNCTION = YES;
				GCC_WARN_UNUSED_VARIABLE = YES;
				IPHONEOS_DEPLOYMENT_TARGET = 16.0;
				LOCALIZATION_PREFERS_STRING_CATALOGS = YES;
				MTL_ENABLE_DEBUG_INFO = INCLUDE_SOURCE;
				MTL_FAST_MATH = YES;
				ONLY_ACTIVE_ARCH = YES;
				SDKROOT = iphoneos;
				SWIFT_ACTIVE_COMPILATION_CONDITIONS = "DEBUG $(inherited)";
				SWIFT_OPTIMIZATION_LEVEL = "-Onone";
			};
			name = Debug;
		};
		048411E42BD202DE0063393E /* Release */ = {
			isa = XCBuildConfiguration;
			buildSettings = {
				ALWAYS_SEARCH_USER_PATHS = NO;
				ASSETCATALOG_COMPILER_GENERATE_SWIFT_ASSET_SYMBOL_EXTENSIONS = YES;
				CLANG_ANALYZER_NONNULL = YES;
				CLANG_ANALYZER_NUMBER_OBJECT_CONVERSION = YES_AGGRESSIVE;
				CLANG_CXX_LANGUAGE_STANDARD = "gnu++20";
				CLANG_ENABLE_MODULES = YES;
				CLANG_ENABLE_OBJC_ARC = YES;
				CLANG_ENABLE_OBJC_WEAK = YES;
				CLANG_WARN_BLOCK_CAPTURE_AUTORELEASING = YES;
				CLANG_WARN_BOOL_CONVERSION = YES;
				CLANG_WARN_COMMA = YES;
				CLANG_WARN_CONSTANT_CONVERSION = YES;
				CLANG_WARN_DEPRECATED_OBJC_IMPLEMENTATIONS = YES;
				CLANG_WARN_DIRECT_OBJC_ISA_USAGE = YES_ERROR;
				CLANG_WARN_DOCUMENTATION_COMMENTS = YES;
				CLANG_WARN_EMPTY_BODY = YES;
				CLANG_WARN_ENUM_CONVERSION = YES;
				CLANG_WARN_INFINITE_RECURSION = YES;
				CLANG_WARN_INT_CONVERSION = YES;
				CLANG_WARN_NON_LITERAL_NULL_CONVERSION = YES;
				CLANG_WARN_OBJC_IMPLICIT_RETAIN_SELF = YES;
				CLANG_WARN_OBJC_LITERAL_CONVERSION = YES;
				CLANG_WARN_OBJC_ROOT_CLASS = YES_ERROR;
				CLANG_WARN_QUOTED_INCLUDE_IN_FRAMEWORK_HEADER = YES;
				CLANG_WARN_RANGE_LOOP_ANALYSIS = YES;
				CLANG_WARN_STRICT_PROTOTYPES = YES;
				CLANG_WARN_SUSPICIOUS_MOVE = YES;
				CLANG_WARN_UNGUARDED_AVAILABILITY = YES_AGGRESSIVE;
				CLANG_WARN_UNREACHABLE_CODE = YES;
				CLANG_WARN__DUPLICATE_METHOD_MATCH = YES;
				COPY_PHASE_STRIP = NO;
				DEBUG_INFORMATION_FORMAT = "dwarf-with-dsym";
				ENABLE_NS_ASSERTIONS = NO;
				ENABLE_STRICT_OBJC_MSGSEND = YES;
				ENABLE_USER_SCRIPT_SANDBOXING = YES;
				GCC_C_LANGUAGE_STANDARD = gnu17;
				GCC_NO_COMMON_BLOCKS = YES;
				GCC_WARN_64_TO_32_BIT_CONVERSION = YES;
				GCC_WARN_ABOUT_RETURN_TYPE = YES_ERROR;
				GCC_WARN_UNDECLARED_SELECTOR = YES;
				GCC_WARN_UNINITIALIZED_AUTOS = YES_AGGRESSIVE;
				GCC_WARN_UNUSED_FUNCTION = YES;
				GCC_WARN_UNUSED_VARIABLE = YES;
				IPHONEOS_DEPLOYMENT_TARGET = 16.0;
				LOCALIZATION_PREFERS_STRING_CATALOGS = YES;
				MTL_ENABLE_DEBUG_INFO = NO;
				MTL_FAST_MATH = YES;
				SDKROOT = iphoneos;
				SWIFT_COMPILATION_MODE = wholemodule;
				VALIDATE_PRODUCT = YES;
			};
			name = Release;
		};
		048411E62BD202DE0063393E /* Debug */ = {
			isa = XCBuildConfiguration;
			buildSettings = {
				ASSETCATALOG_COMPILER_APPICON_NAME = AppIcon;
				ASSETCATALOG_COMPILER_GLOBAL_ACCENT_COLOR_NAME = AccentColor;
				CODE_SIGN_STYLE = Automatic;
				CURRENT_PROJECT_VERSION = 1;
				DEVELOPMENT_TEAM = J2C6GVHVQ9;
				GENERATE_INFOPLIST_FILE = YES;
				INFOPLIST_FILE = Gallery/Info.plist;
				INFOPLIST_KEY_CFBundleDisplayName = AGallery;
				INFOPLIST_KEY_LSApplicationCategoryType = "public.app-category.photography";
				INFOPLIST_KEY_UIApplicationSupportsIndirectInputEvents = YES;
				INFOPLIST_KEY_UILaunchStoryboardName = LaunchScreen;
				INFOPLIST_KEY_UISupportedInterfaceOrientations_iPad = "UIInterfaceOrientationPortrait UIInterfaceOrientationPortraitUpsideDown UIInterfaceOrientationLandscapeLeft UIInterfaceOrientationLandscapeRight";
				INFOPLIST_KEY_UISupportedInterfaceOrientations_iPhone = "UIInterfaceOrientationPortrait UIInterfaceOrientationLandscapeLeft UIInterfaceOrientationLandscapeRight";
				IPHONEOS_DEPLOYMENT_TARGET = 16.0;
				LD_RUNPATH_SEARCH_PATHS = (
					"$(inherited)",
					"@executable_path/Frameworks",
				);
				MARKETING_VERSION = 1.0;
				PRODUCT_BUNDLE_IDENTIFIER = "AK-Unifa-test-task.Gallery";
				PRODUCT_NAME = "$(TARGET_NAME)";
				SUPPORTED_PLATFORMS = "iphoneos iphonesimulator";
				SUPPORTS_MACCATALYST = NO;
				SUPPORTS_MAC_DESIGNED_FOR_IPHONE_IPAD = NO;
				SUPPORTS_XR_DESIGNED_FOR_IPHONE_IPAD = NO;
				SWIFT_EMIT_LOC_STRINGS = YES;
				SWIFT_VERSION = 5.0;
				TARGETED_DEVICE_FAMILY = "1,2";
			};
			name = Debug;
		};
		048411E72BD202DE0063393E /* Release */ = {
			isa = XCBuildConfiguration;
			buildSettings = {
				ASSETCATALOG_COMPILER_APPICON_NAME = AppIcon;
				ASSETCATALOG_COMPILER_GLOBAL_ACCENT_COLOR_NAME = AccentColor;
				CODE_SIGN_STYLE = Automatic;
				CURRENT_PROJECT_VERSION = 1;
				DEVELOPMENT_TEAM = J2C6GVHVQ9;
				GENERATE_INFOPLIST_FILE = YES;
				INFOPLIST_FILE = Gallery/Info.plist;
				INFOPLIST_KEY_CFBundleDisplayName = AGallery;
				INFOPLIST_KEY_LSApplicationCategoryType = "public.app-category.photography";
				INFOPLIST_KEY_UIApplicationSupportsIndirectInputEvents = YES;
				INFOPLIST_KEY_UILaunchStoryboardName = LaunchScreen;
				INFOPLIST_KEY_UISupportedInterfaceOrientations_iPad = "UIInterfaceOrientationPortrait UIInterfaceOrientationPortraitUpsideDown UIInterfaceOrientationLandscapeLeft UIInterfaceOrientationLandscapeRight";
				INFOPLIST_KEY_UISupportedInterfaceOrientations_iPhone = "UIInterfaceOrientationPortrait UIInterfaceOrientationLandscapeLeft UIInterfaceOrientationLandscapeRight";
				IPHONEOS_DEPLOYMENT_TARGET = 16.0;
				LD_RUNPATH_SEARCH_PATHS = (
					"$(inherited)",
					"@executable_path/Frameworks",
				);
				MARKETING_VERSION = 1.0;
				PRODUCT_BUNDLE_IDENTIFIER = "AK-Unifa-test-task.Gallery";
				PRODUCT_NAME = "$(TARGET_NAME)";
				SUPPORTED_PLATFORMS = "iphoneos iphonesimulator";
				SUPPORTS_MACCATALYST = NO;
				SUPPORTS_MAC_DESIGNED_FOR_IPHONE_IPAD = NO;
				SUPPORTS_XR_DESIGNED_FOR_IPHONE_IPAD = NO;
				SWIFT_EMIT_LOC_STRINGS = YES;
				SWIFT_VERSION = 5.0;
				TARGETED_DEVICE_FAMILY = "1,2";
			};
			name = Release;
		};
/* End XCBuildConfiguration section */

/* Begin XCConfigurationList section */
		048411CC2BD202DC0063393E /* Build configuration list for PBXProject "Gallery" */ = {
			isa = XCConfigurationList;
			buildConfigurations = (
				048411E32BD202DE0063393E /* Debug */,
				048411E42BD202DE0063393E /* Release */,
			);
			defaultConfigurationIsVisible = 0;
			defaultConfigurationName = Release;
		};
		048411E52BD202DE0063393E /* Build configuration list for PBXNativeTarget "Gallery" */ = {
			isa = XCConfigurationList;
			buildConfigurations = (
				048411E62BD202DE0063393E /* Debug */,
				048411E72BD202DE0063393E /* Release */,
			);
			defaultConfigurationIsVisible = 0;
			defaultConfigurationName = Release;
		};
/* End XCConfigurationList section */

/* Begin XCRemoteSwiftPackageReference section */
		048412592BD384C30063393E /* XCRemoteSwiftPackageReference "Kingfisher" */ = {
			isa = XCRemoteSwiftPackageReference;
			repositoryURL = "https://github.com/onevcat/Kingfisher.git";
			requirement = {
				kind = upToNextMajorVersion;
				minimumVersion = 7.11.0;
			};
		};
		0484125C2BD384CE0063393E /* XCRemoteSwiftPackageReference "Alamofire" */ = {
			isa = XCRemoteSwiftPackageReference;
			repositoryURL = "https://github.com/Alamofire/Alamofire.git";
			requirement = {
				kind = upToNextMajorVersion;
				minimumVersion = 5.9.1;
			};
		};
/* End XCRemoteSwiftPackageReference section */

/* Begin XCSwiftPackageProductDependency section */
		048412992BD4B33B0063393E /* Alamofire */ = {
			isa = XCSwiftPackageProductDependency;
			package = 0484125C2BD384CE0063393E /* XCRemoteSwiftPackageReference "Alamofire" */;
			productName = Alamofire;
		};
		0484129B2BD4B3470063393E /* Kingfisher */ = {
			isa = XCSwiftPackageProductDependency;
			package = 048412592BD384C30063393E /* XCRemoteSwiftPackageReference "Kingfisher" */;
			productName = Kingfisher;
		};
/* End XCSwiftPackageProductDependency section */
	};
	rootObject = 048411C92BD202DC0063393E /* Project object */;
}
